
Microsoft Visual Studio Solution File, Format Version 12.00
# Visual Studio Version 17
VisualStudioVersion = 17.1.31911.260
MinimumVisualStudioVersion = 10.0.40219.1
Project("{9A19103F-16F7-4668-BE54-9A1E7A4F7556}") = "Todo.BLL", "Todo.BLL\Todo.BLL.csproj", "{BFEF59C1-E865-4345-98D3-3A47E377ACA9}"
EndProject
Project("{9A19103F-16F7-4668-BE54-9A1E7A4F7556}") = "Todo.DAL", "Todo.DAL\Todo.DAL.csproj", "{BC445F3E-BF66-4C3B-8B9B-D45BC3FD4C93}"
EndProject
Project("{9A19103F-16F7-4668-BE54-9A1E7A4F7556}") = "TodoApiDTO", "TodoApi\TodoApiDTO.csproj", "{D1FA7B18-6B88-4539-88C9-638C7C6E6E13}"
EndProject
Global
	GlobalSection(SolutionConfigurationPlatforms) = preSolution
		Debug|Any CPU = Debug|Any CPU
		Release|Any CPU = Release|Any CPU
	EndGlobalSection
	GlobalSection(ProjectConfigurationPlatforms) = postSolution
		{BFEF59C1-E865-4345-98D3-3A47E377ACA9}.Debug|Any CPU.ActiveCfg = Debug|Any CPU
		{BFEF59C1-E865-4345-98D3-3A47E377ACA9}.Debug|Any CPU.Build.0 = Debug|Any CPU
		{BFEF59C1-E865-4345-98D3-3A47E377ACA9}.Release|Any CPU.ActiveCfg = Release|Any CPU
		{BFEF59C1-E865-4345-98D3-3A47E377ACA9}.Release|Any CPU.Build.0 = Release|Any CPU
		{BC445F3E-BF66-4C3B-8B9B-D45BC3FD4C93}.Debug|Any CPU.ActiveCfg = Debug|Any CPU
		{BC445F3E-BF66-4C3B-8B9B-D45BC3FD4C93}.Debug|Any CPU.Build.0 = Debug|Any CPU
		{BC445F3E-BF66-4C3B-8B9B-D45BC3FD4C93}.Release|Any CPU.ActiveCfg = Release|Any CPU
		{BC445F3E-BF66-4C3B-8B9B-D45BC3FD4C93}.Release|Any CPU.Build.0 = Release|Any CPU
		{D1FA7B18-6B88-4539-88C9-638C7C6E6E13}.Debug|Any CPU.ActiveCfg = Debug|Any CPU
		{D1FA7B18-6B88-4539-88C9-638C7C6E6E13}.Debug|Any CPU.Build.0 = Debug|Any CPU
		{D1FA7B18-6B88-4539-88C9-638C7C6E6E13}.Release|Any CPU.ActiveCfg = Release|Any CPU
		{D1FA7B18-6B88-4539-88C9-638C7C6E6E13}.Release|Any CPU.Build.0 = Release|Any CPU
	EndGlobalSection
	GlobalSection(SolutionProperties) = preSolution
		HideSolutionNode = FALSE
	EndGlobalSection
	GlobalSection(ExtensibilityGlobals) = postSolution
		SolutionGuid = {60984BC9-01D1-4B40-9733-E459B1231F96}
	EndGlobalSection
EndGlobal
